
Microsoft Visual Studio Solution File, Format Version 12.00
# Visual Studio Version 17
VisualStudioVersion = 17.14.37012.4
MinimumVisualStudioVersion = 10.0.40219.1
Project("{FAE04EC0-301F-11D3-BF4B-00C04F79EFBC}") = "BeautyManager", "BeautyManager\BeautyManager.csproj", "{D381E2BD-CC38-46C2-8A38-4FDF8EC1350D}"
EndProject
Global
	GlobalSection(SolutionConfigurationPlatforms) = preSolution
		Debug|Any CPU = Debug|Any CPU
		Release|Any CPU = Release|Any CPU
	EndGlobalSection
	GlobalSection(ProjectConfigurationPlatforms) = postSolution
		{D381E2BD-CC38-46C2-8A38-4FDF8EC1350D}.Debug|Any CPU.ActiveCfg = Debug|Any CPU
		{D381E2BD-CC38-46C2-8A38-4FDF8EC1350D}.Debug|Any CPU.Build.0 = Debug|Any CPU
		{D381E2BD-CC38-46C2-8A38-4FDF8EC1350D}.Release|Any CPU.ActiveCfg = Release|Any CPU
		{D381E2BD-CC38-46C2-8A38-4FDF8EC1350D}.Release|Any CPU.Build.0 = Release|Any CPU
	EndGlobalSection
	GlobalSection(SolutionProperties) = preSolution
		HideSolutionNode = FALSE
	EndGlobalSection
	GlobalSection(ExtensibilityGlobals) = postSolution
		SolutionGuid = {E15F0E26-9F60-4694-9346-60BE18E7715C}
	EndGlobalSection
EndGlobal
