
Microsoft Visual Studio Solution File, Format Version 12.00
# Visual Studio Version 17
VisualStudioVersion = 17.13.35825.156 d17.13
MinimumVisualStudioVersion = 10.0.40219.1
Project("{FAE04EC0-301F-11D3-BF4B-00C04F79EFBC}") = "muusicplayyeer", "muusicplayyeer.csproj", "{80A854D7-1B3D-4F90-8056-32E83B6E2A1D}"
EndProject
Global
	GlobalSection(SolutionConfigurationPlatforms) = preSolution
		Debug|Any CPU = Debug|Any CPU
		Release|Any CPU = Release|Any CPU
	EndGlobalSection
	GlobalSection(ProjectConfigurationPlatforms) = postSolution
		{80A854D7-1B3D-4F90-8056-32E83B6E2A1D}.Debug|Any CPU.ActiveCfg = Debug|Any CPU
		{80A854D7-1B3D-4F90-8056-32E83B6E2A1D}.Debug|Any CPU.Build.0 = Debug|Any CPU
		{80A854D7-1B3D-4F90-8056-32E83B6E2A1D}.Release|Any CPU.ActiveCfg = Release|Any CPU
		{80A854D7-1B3D-4F90-8056-32E83B6E2A1D}.Release|Any CPU.Build.0 = Release|Any CPU
	EndGlobalSection
	GlobalSection(SolutionProperties) = preSolution
		HideSolutionNode = FALSE
	EndGlobalSection
	GlobalSection(ExtensibilityGlobals) = postSolution
		SolutionGuid = {AB44B4E5-412A-4F3B-ACAC-5994ACE0C78B}
	EndGlobalSection
EndGlobal
